
Microsoft Visual Studio Solution File, Format Version 12.00
# Visual Studio Version 16
VisualStudioVersion = 16.0.31321.278
MinimumVisualStudioVersion = 10.0.40219.1
Project("{FAE04EC0-301F-11D3-BF4B-00C04F79EFBC}") = "SistemaFacturacion", "SistemaFacturacion.csproj", "{041FDF42-D04A-43DB-A1B4-9F45FDE867E2}"
EndProject
Global
	GlobalSection(SolutionConfigurationPlatforms) = preSolution
		Debug|Any CPU = Debug|Any CPU
		Release|Any CPU = Release|Any CPU
	EndGlobalSection
	GlobalSection(ProjectConfigurationPlatforms) = postSolution
		{041FDF42-D04A-43DB-A1B4-9F45FDE867E2}.Debug|Any CPU.ActiveCfg = Debug|Any CPU
		{041FDF42-D04A-43DB-A1B4-9F45FDE867E2}.Debug|Any CPU.Build.0 = Debug|Any CPU
		{041FDF42-D04A-43DB-A1B4-9F45FDE867E2}.Release|Any CPU.ActiveCfg = Release|Any CPU
		{041FDF42-D04A-43DB-A1B4-9F45FDE867E2}.Release|Any CPU.Build.0 = Release|Any CPU
	EndGlobalSection
	GlobalSection(SolutionProperties) = preSolution
		HideSolutionNode = FALSE
	EndGlobalSection
	GlobalSection(ExtensibilityGlobals) = postSolution
		SolutionGuid = {29AFA6A4-0315-4585-B5AE-326BFC0F8EC9}
	EndGlobalSection
EndGlobal
